github.com/google/uuid v1.3.0 h1:t6JiXgmwXMjEs8VusXIJk2BXHsn+wx8BZdTaoZ5fu7I=
github.com/google/uuid v1.3.0/go.mod h1:TIyPZe4MgqvfeYDBFedMoGGpEw/LqOeaOT+nhxU+yHo=
github.com/snet-commerce/list v1.0.1 h1:vW+cMgb/25jewMn6e+8pB7AlyJBagQOWct2BPEtNgS8=
github.com/snet-commerce/list v1.0.1/go.mod h1:BAcu4lEXQjRrxtRR8VAE06oYjn0ChbboCBLxUJXnQ0w=
